
Microsoft Visual Studio Solution File, Format Version 12.00
# Visual Studio Version 16
VisualStudioVersion = 16.0.29709.97
MinimumVisualStudioVersion = 10.0.40219.1
Project("{FAE04EC0-301F-11D3-BF4B-00C04F79EFBC}") = "ConsoleApp2", "ConsoleApp2\ConsoleApp2.csproj", "{4074DFC6-D77B-4C74-B0EC-E5C979FDBF48}"
EndProject
Global
	GlobalSection(SolutionConfigurationPlatforms) = preSolution
		Debug|Any CPU = Debug|Any CPU
		Release|Any CPU = Release|Any CPU
	EndGlobalSection
	GlobalSection(ProjectConfigurationPlatforms) = postSolution
		{4074DFC6-D77B-4C74-B0EC-E5C979FDBF48}.Debug|Any CPU.ActiveCfg = Debug|Any CPU
		{4074DFC6-D77B-4C74-B0EC-E5C979FDBF48}.Debug|Any CPU.Build.0 = Debug|Any CPU
		{4074DFC6-D77B-4C74-B0EC-E5C979FDBF48}.Release|Any CPU.ActiveCfg = Release|Any CPU
		{4074DFC6-D77B-4C74-B0EC-E5C979FDBF48}.Release|Any CPU.Build.0 = Release|Any CPU
	EndGlobalSection
	GlobalSection(SolutionProperties) = preSolution
		HideSolutionNode = FALSE
	EndGlobalSection
	GlobalSection(ExtensibilityGlobals) = postSolution
		SolutionGuid = {A7B31F2B-E6F9-4034-932B-D4A7807746D9}
	EndGlobalSection
EndGlobal
